// !$*UTF8*$!
{
	archiveVersion = 1;
	classes = {
	};
	objectVersion = 56;
	objects = {

/* Begin PBXBuildFile section */
		84E4DA452B2CF6A400529F5D /* AppDelegate.swift in Sources */ = {isa = PBXBuildFile; fileRef = 84E4DA442B2CF6A400529F5D /* AppDelegate.swift */; };
		84E4DA492B2CF6A400529F5D /* ViewController.swift in Sources */ = {isa = PBXBuildFile; fileRef = 84E4DA482B2CF6A400529F5D /* ViewController.swift */; };
		84E4DA4C2B2CF6A400529F5D /* Main.storyboard in Resources */ = {isa = PBXBuildFile; fileRef = 84E4DA4A2B2CF6A400529F5D /* Main.storyboard */; };
		84E4DA4E2B2CF6A700529F5D /* Assets.xcassets in Resources */ = {isa = PBXBuildFile; fileRef = 84E4DA4D2B2CF6A700529F5D /* Assets.xcassets */; };
		84E4DA512B2CF6A700529F5D /* LaunchScreen.storyboard in Resources */ = {isa = PBXBuildFile; fileRef = 84E4DA4F2B2CF6A700529F5D /* LaunchScreen.storyboard */; };
		84E4DA5B2B2CF88300529F5D /* TargetType.swift in Sources */ = {isa = PBXBuildFile; fileRef = 84E4DA5A2B2CF88300529F5D /* TargetType.swift */; };
		84E4DA5D2B2CFA8000529F5D /* BaseAPI.swift in Sources */ = {isa = PBXBuildFile; fileRef = 84E4DA5C2B2CFA8000529F5D /* BaseAPI.swift */; };
		84E4DA602B2D0B8900529F5D /* UsersNetworking.swift in Sources */ = {isa = PBXBuildFile; fileRef = 84E4DA5F2B2D0B8900529F5D /* UsersNetworking.swift */; };
		84E4DA622B2D0BFF00529F5D /* UsersAPI.swift in Sources */ = {isa = PBXBuildFile; fileRef = 84E4DA612B2D0BFF00529F5D /* UsersAPI.swift */; };
		84E4DA642B2D0C2D00529F5D /* UserModel.swift in Sources */ = {isa = PBXBuildFile; fileRef = 84E4DA632B2D0C2D00529F5D /* UserModel.swift */; };
		84E4DA662B2D0CDE00529F5D /* BaseResponse.swift in Sources */ = {isa = PBXBuildFile; fileRef = 84E4DA652B2D0CDE00529F5D /* BaseResponse.swift */; };
		B06260D423400567D3E8C2EF /* Pods_MyNetwork.framework in Frameworks */ = {isa = PBXBuildFile; fileRef = DC85FCFE201692DAFBF7D10F /* Pods_MyNetwork.framework */; };
/* End PBXBuildFile section */

/* Begin PBXFileReference section */
		0DEA8936ABA920C2AF654D45 /* Pods-MyNetwork.debug.xcconfig */ = {isa = PBXFileReference; includeInIndex = 1; lastKnownFileType = text.xcconfig; name = "Pods-MyNetwork.debug.xcconfig"; path = "Target Support Files/Pods-MyNetwork/Pods-MyNetwork.debug.xcconfig"; sourceTree = "<group>"; };
		84E4DA412B2CF6A400529F5D /* MyNetwork.app */ = {isa = PBXFileReference; explicitFileType = wrapper.application; includeInIndex = 0; path = MyNetwork.app; sourceTree = BUILT_PRODUCTS_DIR; };
		84E4DA442B2CF6A400529F5D /* AppDelegate.swift */ = {isa = PBXFileReference; lastKnownFileType = sourcecode.swift; path = AppDelegate.swift; sourceTree = "<group>"; };
		84E4DA482B2CF6A400529F5D /* ViewController.swift */ = {isa = PBXFileReference; lastKnownFileType = sourcecode.swift; path = ViewController.swift; sourceTree = "<group>"; };
		84E4DA4B2B2CF6A400529F5D /* Base */ = {isa = PBXFileReference; lastKnownFileType = file.storyboard; name = Base; path = Base.lproj/Main.storyboard; sourceTree = "<group>"; };
		84E4DA4D2B2CF6A700529F5D /* Assets.xcassets */ = {isa = PBXFileReference; lastKnownFileType = folder.assetcatalog; path = Assets.xcassets; sourceTree = "<group>"; };
		84E4DA502B2CF6A700529F5D /* Base */ = {isa = PBXFileReference; lastKnownFileType = file.storyboard; name = Base; path = Base.lproj/LaunchScreen.storyboard; sourceTree = "<group>"; };
		84E4DA522B2CF6A700529F5D /* Info.plist */ = {isa = PBXFileReference; lastKnownFileType = text.plist.xml; path = Info.plist; sourceTree = "<group>"; };
		84E4DA5A2B2CF88300529F5D /* TargetType.swift */ = {isa = PBXFileReference; lastKnownFileType = sourcecode.swift; path = TargetType.swift; sourceTree = "<group>"; };
		84E4DA5C2B2CFA8000529F5D /* BaseAPI.swift */ = {isa = PBXFileReference; lastKnownFileType = sourcecode.swift; path = BaseAPI.swift; sourceTree = "<group>"; };
		84E4DA5F2B2D0B8900529F5D /* UsersNetworking.swift */ = {isa = PBXFileReference; lastKnownFileType = sourcecode.swift; path = UsersNetworking.swift; sourceTree = "<group>"; };
		84E4DA612B2D0BFF00529F5D /* UsersAPI.swift */ = {isa = PBXFileReference; lastKnownFileType = sourcecode.swift; path = UsersAPI.swift; sourceTree = "<group>"; };
		84E4DA632B2D0C2D00529F5D /* UserModel.swift */ = {isa = PBXFileReference; lastKnownFileType = sourcecode.swift; path = UserModel.swift; sourceTree = "<group>"; };
		84E4DA652B2D0CDE00529F5D /* BaseResponse.swift */ = {isa = PBXFileReference; lastKnownFileType = sourcecode.swift; path = BaseResponse.swift; sourceTree = "<group>"; };
		CF3EBBF5C85867F3FF8D49A0 /* Pods-MyNetwork.release.xcconfig */ = {isa = PBXFileReference; includeInIndex = 1; lastKnownFileType = text.xcconfig; name = "Pods-MyNetwork.release.xcconfig"; path = "Target Support Files/Pods-MyNetwork/Pods-MyNetwork.release.xcconfig"; sourceTree = "<group>"; };
		DC85FCFE201692DAFBF7D10F /* Pods_MyNetwork.framework */ = {isa = PBXFileReference; explicitFileType = wrapper.framework; includeInIndex = 0; path = Pods_MyNetwork.framework; sourceTree = BUILT_PRODUCTS_DIR; };
/* End PBXFileReference section */

/* Begin PBXFrameworksBuildPhase section */
		84E4DA3E2B2CF6A400529F5D /* Frameworks */ = {
			isa = PBXFrameworksBuildPhase;
			buildActionMask = 2147483647;
			files = (
				B06260D423400567D3E8C2EF /* Pods_MyNetwork.framework in Frameworks */,
			);
			runOnlyForDeploymentPostprocessing = 0;
		};
/* End PBXFrameworksBuildPhase section */

/* Begin PBXGroup section */
		7DD5A9D13E38FEFA6F00FCF3 /* Pods */ = {
			isa = PBXGroup;
			children = (
				0DEA8936ABA920C2AF654D45 /* Pods-MyNetwork.debug.xcconfig */,
				CF3EBBF5C85867F3FF8D49A0 /* Pods-MyNetwork.release.xcconfig */,
			);
			path = Pods;
			sourceTree = "<group>";
		};
		84E4DA382B2CF6A400529F5D = {
			isa = PBXGroup;
			children = (
				84E4DA432B2CF6A400529F5D /* MyNetwork */,
				84E4DA422B2CF6A400529F5D /* Products */,
				7DD5A9D13E38FEFA6F00FCF3 /* Pods */,
				DCCB474E7C649013E3AE6DFD /* Frameworks */,
			);
			sourceTree = "<group>";
		};
		84E4DA422B2CF6A400529F5D /* Products */ = {
			isa = PBXGroup;
			children = (
				84E4DA412B2CF6A400529F5D /* MyNetwork.app */,
			);
			name = Products;
			sourceTree = "<group>";
		};
		84E4DA432B2CF6A400529F5D /* MyNetwork */ = {
			isa = PBXGroup;
			children = (
				84E4DA582B2CF85200529F5D /* Network */,
				84E4DA442B2CF6A400529F5D /* AppDelegate.swift */,
				84E4DA482B2CF6A400529F5D /* ViewController.swift */,
				84E4DA4A2B2CF6A400529F5D /* Main.storyboard */,
				84E4DA4D2B2CF6A700529F5D /* Assets.xcassets */,
				84E4DA4F2B2CF6A700529F5D /* LaunchScreen.storyboard */,
				84E4DA522B2CF6A700529F5D /* Info.plist */,
				84E4DA632B2D0C2D00529F5D /* UserModel.swift */,
				84E4DA652B2D0CDE00529F5D /* BaseResponse.swift */,
			);
			path = MyNetwork;
			sourceTree = "<group>";
		};
		84E4DA582B2CF85200529F5D /* Network */ = {
			isa = PBXGroup;
			children = (
				84E4DA5E2B2D083D00529F5D /* Users */,
				84E4DA592B2CF85A00529F5D /* Base */,
			);
			path = Network;
			sourceTree = "<group>";
		};
		84E4DA592B2CF85A00529F5D /* Base */ = {
			isa = PBXGroup;
			children = (
				84E4DA5A2B2CF88300529F5D /* TargetType.swift */,
				84E4DA5C2B2CFA8000529F5D /* BaseAPI.swift */,
			);
			path = Base;
			sourceTree = "<group>";
		};
		84E4DA5E2B2D083D00529F5D /* Users */ = {
			isa = PBXGroup;
			children = (
				84E4DA5F2B2D0B8900529F5D /* UsersNetworking.swift */,
				84E4DA612B2D0BFF00529F5D /* UsersAPI.swift */,
			);
			path = Users;
			sourceTree = "<group>";
		};
		DCCB474E7C649013E3AE6DFD /* Frameworks */ = {
			isa = PBXGroup;
			children = (
				DC85FCFE201692DAFBF7D10F /* Pods_MyNetwork.framework */,
			);
			name = Frameworks;
			sourceTree = "<group>";
		};
/* End PBXGroup section */

/* Begin PBXNativeTarget section */
		84E4DA402B2CF6A400529F5D /* MyNetwork */ = {
			isa = PBXNativeTarget;
			buildConfigurationList = 84E4DA552B2CF6A700529F5D /* Build configuration list for PBXNativeTarget "MyNetwork" */;
			buildPhases = (
				95EB878FD6440451ED8301B3 /* [CP] Check Pods Manifest.lock */,
				84E4DA3D2B2CF6A400529F5D /* Sources */,
				84E4DA3E2B2CF6A400529F5D /* Frameworks */,
				84E4DA3F2B2CF6A400529F5D /* Resources */,
				C8E6EABDE81D817668D09FDB /* [CP] Embed Pods Frameworks */,
			);
			buildRules = (
			);
			dependencies = (
			);
			name = MyNetwork;
			packageProductDependencies = (
			);
			productName = MyNetwork;
			productReference = 84E4DA412B2CF6A400529F5D /* MyNetwork.app */;
			productType = "com.apple.product-type.application";
		};
/* End PBXNativeTarget section */

/* Begin PBXProject section */
		84E4DA392B2CF6A400529F5D /* Project object */ = {
			isa = PBXProject;
			attributes = {
				BuildIndependentTargetsInParallel = 1;
				LastSwiftUpdateCheck = 1420;
				LastUpgradeCheck = 1420;
				TargetAttributes = {
					84E4DA402B2CF6A400529F5D = {
						CreatedOnToolsVersion = 14.2;
					};
				};
			};
			buildConfigurationList = 84E4DA3C2B2CF6A400529F5D /* Build configuration list for PBXProject "MyNetwork" */;
			compatibilityVersion = "Xcode 14.0";
			developmentRegion = en;
			hasScannedForEncodings = 0;
			knownRegions = (
				en,
				Base,
			);
			mainGroup = 84E4DA382B2CF6A400529F5D;
			productRefGroup = 84E4DA422B2CF6A400529F5D /* Products */;
			projectDirPath = "";
			projectRoot = "";
			targets = (
				84E4DA402B2CF6A400529F5D /* MyNetwork */,
			);
		};
/* End PBXProject section */

/* Begin PBXResourcesBuildPhase section */
		84E4DA3F2B2CF6A400529F5D /* Resources */ = {
			isa = PBXResourcesBuildPhase;
			buildActionMask = 2147483647;
			files = (
				84E4DA512B2CF6A700529F5D /* LaunchScreen.storyboard in Resources */,
				84E4DA4E2B2CF6A700529F5D /* Assets.xcassets in Resources */,
				84E4DA4C2B2CF6A400529F5D /* Main.storyboard in Resources */,
			);
			runOnlyForDeploymentPostprocessing = 0;
		};
/* End PBXResourcesBuildPhase section */

/* Begin PBXShellScriptBuildPhase section */
		95EB878FD6440451ED8301B3 /* [CP] Check Pods Manifest.lock */ = {
			isa = PBXShellScriptBuildPhase;
			buildActionMask = 2147483647;
			files = (
			);
			inputFileListPaths = (
			);
			inputPaths = (
				"${PODS_PODFILE_DIR_PATH}/Podfile.lock",
				"${PODS_ROOT}/Manifest.lock",
			);
			name = "[CP] Check Pods Manifest.lock";
			outputFileListPaths = (
			);
			outputPaths = (
				"$(DERIVED_FILE_DIR)/Pods-MyNetwork-checkManifestLockResult.txt",
			);
			runOnlyForDeploymentPostprocessing = 0;
			shellPath = /bin/sh;
			shellScript = "diff \"${PODS_PODFILE_DIR_PATH}/Podfile.lock\" \"${PODS_ROOT}/Manifest.lock\" > /dev/null\nif [ $? != 0 ] ; then\n    # print error to STDERR\n    echo \"error: The sandbox is not in sync with the Podfile.lock. Run 'pod install' or update your CocoaPods installation.\" >&2\n    exit 1\nfi\n# This output is used by Xcode 'outputs' to avoid re-running this script phase.\necho \"SUCCESS\" > \"${SCRIPT_OUTPUT_FILE_0}\"\n";
			showEnvVarsInLog = 0;
		};
		C8E6EABDE81D817668D09FDB /* [CP] Embed Pods Frameworks */ = {
			isa = PBXShellScriptBuildPhase;
			buildActionMask = 2147483647;
			files = (
			);
			inputFileListPaths = (
				"${PODS_ROOT}/Target Support Files/Pods-MyNetwork/Pods-MyNetwork-frameworks-${CONFIGURATION}-input-files.xcfilelist",
			);
			name = "[CP] Embed Pods Frameworks";
			outputFileListPaths = (
				"${PODS_ROOT}/Target Support Files/Pods-MyNetwork/Pods-MyNetwork-frameworks-${CONFIGURATION}-output-files.xcfilelist",
			);
			runOnlyForDeploymentPostprocessing = 0;
			shellPath = /bin/sh;
			shellScript = "\"${PODS_ROOT}/Target Support Files/Pods-MyNetwork/Pods-MyNetwork-frameworks.sh\"\n";
			showEnvVarsInLog = 0;
		};
/* End PBXShellScriptBuildPhase section */

/* Begin PBXSourcesBuildPhase section */
		84E4DA3D2B2CF6A400529F5D /* Sources */ = {
			isa = PBXSourcesBuildPhase;
			buildActionMask = 2147483647;
			files = (
				84E4DA5B2B2CF88300529F5D /* TargetType.swift in Sources */,
				84E4DA642B2D0C2D00529F5D /* UserModel.swift in Sources */,
				84E4DA622B2D0BFF00529F5D /* UsersAPI.swift in Sources */,
				84E4DA5D2B2CFA8000529F5D /* BaseAPI.swift in Sources */,
				84E4DA492B2CF6A400529F5D /* ViewController.swift in Sources */,
				84E4DA602B2D0B8900529F5D /* UsersNetworking.swift in Sources */,
				84E4DA452B2CF6A400529F5D /* AppDelegate.swift in Sources */,
				84E4DA662B2D0CDE00529F5D /* BaseResponse.swift in Sources */,
			);
			runOnlyForDeploymentPostprocessing = 0;
		};
/* End PBXSourcesBuildPhase section */

/* Begin PBXVariantGroup section */
		84E4DA4A2B2CF6A400529F5D /* Main.storyboard */ = {
			isa = PBXVariantGroup;
			children = (
				84E4DA4B2B2CF6A400529F5D /* Base */,
			);
			name = Main.storyboard;
			sourceTree = "<group>";
		};
		84E4DA4F2B2CF6A700529F5D /* LaunchScreen.storyboard */ = {
			isa = PBXVariantGroup;
			children = (
				84E4DA502B2CF6A700529F5D /* Base */,
			);
			name = LaunchScreen.storyboard;
			sourceTree = "<group>";
		};
/* End PBXVariantGroup section */

/* Begin XCBuildConfiguration section */
		84E4DA532B2CF6A700529F5D /* Debug */ = {
			isa = XCBuildConfiguration;
			buildSettings = {
				ALWAYS_SEARCH_USER_PATHS = NO;
				CLANG_ANALYZER_NONNULL = YES;
				CLANG_ANALYZER_NUMBER_OBJECT_CONVERSION = YES_AGGRESSIVE;
				CLANG_CXX_LANGUAGE_STANDARD = "gnu++20";
				CLANG_ENABLE_MODULES = YES;
				CLANG_ENABLE_OBJC_ARC = YES;
				CLANG_ENABLE_OBJC_WEAK = YES;
				CLANG_WARN_BLOCK_CAPTURE_AUTORELEASING = YES;
				CLANG_WARN_BOOL_CONVERSION = YES;
				CLANG_WARN_COMMA = YES;
				CLANG_WARN_CONSTANT_CONVERSION = YES;
				CLANG_WARN_DEPRECATED_OBJC_IMPLEMENTATIONS = YES;
				CLANG_WARN_DIRECT_OBJC_ISA_USAGE = YES_ERROR;
				CLANG_WARN_DOCUMENTATION_COMMENTS = YES;
				CLANG_WARN_EMPTY_BODY = YES;
				CLANG_WARN_ENUM_CONVERSION = YES;
				CLANG_WARN_INFINITE_RECURSION = YES;
				CLANG_WARN_INT_CONVERSION = YES;
				CLANG_WARN_NON_LITERAL_NULL_CONVERSION = YES;
				CLANG_WARN_OBJC_IMPLICIT_RETAIN_SELF = YES;
				CLANG_WARN_OBJC_LITERAL_CONVERSION = YES;
				CLANG_WARN_OBJC_ROOT_CLASS = YES_ERROR;
				CLANG_WARN_QUOTED_INCLUDE_IN_FRAMEWORK_HEADER = YES;
				CLANG_WARN_RANGE_LOOP_ANALYSIS = YES;
				CLANG_WARN_STRICT_PROTOTYPES = YES;
				CLANG_WARN_SUSPICIOUS_MOVE = YES;
				CLANG_WARN_UNGUARDED_AVAILABILITY = YES_AGGRESSIVE;
				CLANG_WARN_UNREACHABLE_CODE = YES;
				CLANG_WARN__DUPLICATE_METHOD_MATCH = YES;
				COPY_PHASE_STRIP = NO;
				DEBUG_INFORMATION_FORMAT = dwarf;
				ENABLE_STRICT_OBJC_MSGSEND = YES;
				ENABLE_TESTABILITY = YES;
				GCC_C_LANGUAGE_STANDARD = gnu11;
				GCC_DYNAMIC_NO_PIC = NO;
				GCC_NO_COMMON_BLOCKS = YES;
				GCC_OPTIMIZATION_LEVEL = 0;
				GCC_PREPROCESSOR_DEFINITIONS = (
					"DEBUG=1",
					"$(inherited)",
				);
				GCC_WARN_64_TO_32_BIT_CONVERSION = YES;
				GCC_WARN_ABOUT_RETURN_TYPE = YES_ERROR;
				GCC_WARN_UNDECLARED_SELECTOR = YES;
				GCC_WARN_UNINITIALIZED_AUTOS = YES_AGGRESSIVE;
				GCC_WARN_UNUSED_FUNCTION = YES;
				GCC_WARN_UNUSED_VARIABLE = YES;
				IPHONEOS_DEPLOYMENT_TARGET = 16.2;
				MTL_ENABLE_DEBUG_INFO = INCLUDE_SOURCE;
				MTL_FAST_MATH = YES;
				ONLY_ACTIVE_ARCH = YES;
				SDKROOT = iphoneos;
				SWIFT_ACTIVE_COMPILATION_CONDITIONS = DEBUG;
				SWIFT_OPTIMIZATION_LEVEL = "-Onone";
			};
			name = Debug;
		};
		84E4DA542B2CF6A700529F5D /* Release */ = {
			isa = XCBuildConfiguration;
			buildSettings = {
				ALWAYS_SEARCH_USER_PATHS = NO;
				CLANG_ANALYZER_NONNULL = YES;
				CLANG_ANALYZER_NUMBER_OBJECT_CONVERSION = YES_AGGRESSIVE;
				CLANG_CXX_LANGUAGE_STANDARD = "gnu++20";
				CLANG_ENABLE_MODULES = YES;
				CLANG_ENABLE_OBJC_ARC = YES;
				CLANG_ENABLE_OBJC_WEAK = YES;
				CLANG_WARN_BLOCK_CAPTURE_AUTORELEASING = YES;
				CLANG_WARN_BOOL_CONVERSION = YES;
				CLANG_WARN_COMMA = YES;
				CLANG_WARN_CONSTANT_CONVERSION = YES;
				CLANG_WARN_DEPRECATED_OBJC_IMPLEMENTATIONS = YES;
				CLANG_WARN_DIRECT_OBJC_ISA_USAGE = YES_ERROR;
				CLANG_WARN_DOCUMENTATION_COMMENTS = YES;
				CLANG_WARN_EMPTY_BODY = YES;
				CLANG_WARN_ENUM_CONVERSION = YES;
				CLANG_WARN_INFINITE_RECURSION = YES;
				CLANG_WARN_INT_CONVERSION = YES;
				CLANG_WARN_NON_LITERAL_NULL_CONVERSION = YES;
				CLANG_WARN_OBJC_IMPLICIT_RETAIN_SELF = YES;
				CLANG_WARN_OBJC_LITERAL_CONVERSION = YES;
				CLANG_WARN_OBJC_ROOT_CLASS = YES_ERROR;
				CLANG_WARN_QUOTED_INCLUDE_IN_FRAMEWORK_HEADER = YES;
				CLANG_WARN_RANGE_LOOP_ANALYSIS = YES;
				CLANG_WARN_STRICT_PROTOTYPES = YES;
				CLANG_WARN_SUSPICIOUS_MOVE = YES;
				CLANG_WARN_UNGUARDED_AVAILABILITY = YES_AGGRESSIVE;
				CLANG_WARN_UNREACHABLE_CODE = YES;
				CLANG_WARN__DUPLICATE_METHOD_MATCH = YES;
				COPY_PHASE_STRIP = NO;
				DEBUG_INFORMATION_FORMAT = "dwarf-with-dsym";
				ENABLE_NS_ASSERTIONS = NO;
				ENABLE_STRICT_OBJC_MSGSEND = YES;
				GCC_C_LANGUAGE_STANDARD = gnu11;
				GCC_NO_COMMON_BLOCKS = YES;
				GCC_WARN_64_TO_32_BIT_CONVERSION = YES;
				GCC_WARN_ABOUT_RETURN_TYPE = YES_ERROR;
				GCC_WARN_UNDECLARED_SELECTOR = YES;
				GCC_WARN_UNINITIALIZED_AUTOS = YES_AGGRESSIVE;
				GCC_WARN_UNUSED_FUNCTION = YES;
				GCC_WARN_UNUSED_VARIABLE = YES;
				IPHONEOS_DEPLOYMENT_TARGET = 16.2;
				MTL_ENABLE_DEBUG_INFO = NO;
				MTL_FAST_MATH = YES;
				SDKROOT = iphoneos;
				SWIFT_COMPILATION_MODE = wholemodule;
				SWIFT_OPTIMIZATION_LEVEL = "-O";
				VALIDATE_PRODUCT = YES;
			};
			name = Release;
		};
		84E4DA562B2CF6A700529F5D /* Debug */ = {
			isa = XCBuildConfiguration;
			baseConfigurationReference = 0DEA8936ABA920C2AF654D45 /* Pods-MyNetwork.debug.xcconfig */;
			buildSettings = {
				ASSETCATALOG_COMPILER_APPICON_NAME = AppIcon;
				ASSETCATALOG_COMPILER_GLOBAL_ACCENT_COLOR_NAME = AccentColor;
				CODE_SIGN_STYLE = Automatic;
				CURRENT_PROJECT_VERSION = 1;
				GENERATE_INFOPLIST_FILE = YES;
				INFOPLIST_FILE = MyNetwork/Info.plist;
				INFOPLIST_KEY_UIApplicationSupportsIndirectInputEvents = YES;
				INFOPLIST_KEY_UILaunchStoryboardName = LaunchScreen;
				INFOPLIST_KEY_UIMainStoryboardFile = Main;
				INFOPLIST_KEY_UISupportedInterfaceOrientations_iPad = "UIInterfaceOrientationPortrait UIInterfaceOrientationPortraitUpsideDown UIInterfaceOrientationLandscapeLeft UIInterfaceOrientationLandscapeRight";
				INFOPLIST_KEY_UISupportedInterfaceOrientations_iPhone = "UIInterfaceOrientationPortrait UIInterfaceOrientationLandscapeLeft UIInterfaceOrientationLandscapeRight";
				LD_RUNPATH_SEARCH_PATHS = (
					"$(inherited)",
					"@executable_path/Frameworks",
				);
				MARKETING_VERSION = 1.0;
				PRODUCT_BUNDLE_IDENTIFIER = test.MyNetwork;
				PRODUCT_NAME = "$(TARGET_NAME)";
				SWIFT_EMIT_LOC_STRINGS = YES;
				SWIFT_VERSION = 5.0;
				TARGETED_DEVICE_FAMILY = "1,2";
			};
			name = Debug;
		};
		84E4DA572B2CF6A700529F5D /* Release */ = {
			isa = XCBuildConfiguration;
			baseConfigurationReference = CF3EBBF5C85867F3FF8D49A0 /* Pods-MyNetwork.release.xcconfig */;
			buildSettings = {
				ASSETCATALOG_COMPILER_APPICON_NAME = AppIcon;
				ASSETCATALOG_COMPILER_GLOBAL_ACCENT_COLOR_NAME = AccentColor;
				CODE_SIGN_STYLE = Automatic;
				CURRENT_PROJECT_VERSION = 1;
				GENERATE_INFOPLIST_FILE = YES;
				INFOPLIST_FILE = MyNetwork/Info.plist;
				INFOPLIST_KEY_UIApplicationSupportsIndirectInputEvents = YES;
				INFOPLIST_KEY_UILaunchStoryboardName = LaunchScreen;
				INFOPLIST_KEY_UIMainStoryboardFile = Main;
				INFOPLIST_KEY_UISupportedInterfaceOrientations_iPad = "UIInterfaceOrientationPortrait UIInterfaceOrientationPortraitUpsideDown UIInterfaceOrientationLandscapeLeft UIInterfaceOrientationLandscapeRight";
				INFOPLIST_KEY_UISupportedInterfaceOrientations_iPhone = "UIInterfaceOrientationPortrait UIInterfaceOrientationLandscapeLeft UIInterfaceOrientationLandscapeRight";
				LD_RUNPATH_SEARCH_PATHS = (
					"$(inherited)",
					"@executable_path/Frameworks",
				);
				MARKETING_VERSION = 1.0;
				PRODUCT_BUNDLE_IDENTIFIER = test.MyNetwork;
				PRODUCT_NAME = "$(TARGET_NAME)";
				SWIFT_EMIT_LOC_STRINGS = YES;
				SWIFT_VERSION = 5.0;
				TARGETED_DEVICE_FAMILY = "1,2";
			};
			name = Release;
		};
/* End XCBuildConfiguration section */

/* Begin XCConfigurationList section */
		84E4DA3C2B2CF6A400529F5D /* Build configuration list for PBXProject "MyNetwork" */ = {
			isa = XCConfigurationList;
			buildConfigurations = (
				84E4DA532B2CF6A700529F5D /* Debug */,
				84E4DA542B2CF6A700529F5D /* Release */,
			);
			defaultConfigurationIsVisible = 0;
			defaultConfigurationName = Release;
		};
		84E4DA552B2CF6A700529F5D /* Build configuration list for PBXNativeTarget "MyNetwork" */ = {
			isa = XCConfigurationList;
			buildConfigurations = (
				84E4DA562B2CF6A700529F5D /* Debug */,
				84E4DA572B2CF6A700529F5D /* Release */,
			);
			defaultConfigurationIsVisible = 0;
			defaultConfigurationName = Release;
		};
/* End XCConfigurationList section */
	};
	rootObject = 84E4DA392B2CF6A400529F5D /* Project object */;
}
